
Microsoft Visual Studio Solution File, Format Version 12.00
# Visual Studio Version 16
VisualStudioVersion = 16.0.29411.108
MinimumVisualStudioVersion = 10.0.40219.1
Project("{FAE04EC0-301F-11D3-BF4B-00C04F79EFBC}") = "WpfHandler", "WpfHandler\WpfHandler.csproj", "{9A1F206B-1F7A-43DF-8A08-D86F26B8FC81}"
EndProject
Project("{8BC9CEB8-8B4A-11D0-8D11-00A0C91BC942}") = "WPFShaders", "GLSL\WPFShaders\WPFShaders.vcxproj", "{36C1214F-5E63-4BA2-8C10-DD04DA5633BB}"
EndProject
Project("{2150E333-8FDC-42A3-9474-1A3956D46DE8}") = "Examples", "Examples", "{1BF5E61A-7F19-42E9-B298-C8192EB44E67}"
EndProject
Project("{2150E333-8FDC-42A3-9474-1A3956D46DE8}") = "GLSL", "GLSL", "{1981D243-2CC4-4E66-9D9C-260867BCBD80}"
EndProject
Project("{2150E333-8FDC-42A3-9474-1A3956D46DE8}") = "Shaders", "Shaders", "{BA35FF01-B47B-43B5-9C2A-67436E408F9A}"
EndProject
Project("{2150E333-8FDC-42A3-9474-1A3956D46DE8}") = "Localization", "Localization", "{CA5C968E-1E80-4CB8-96AB-53E222619EF6}"
EndProject
Project("{2150E333-8FDC-42A3-9474-1A3956D46DE8}") = "Custom controls", "Custom controls", "{2110D5A6-1DB3-4810-8DC1-51D97B80DFF4}"
EndProject
Project("{2150E333-8FDC-42A3-9474-1A3956D46DE8}") = "Auto layout", "Auto layout", "{C2BACAB8-8473-4AD9-95A6-6AA90EE9FC30}"
EndProject
Project("{2150E333-8FDC-42A3-9474-1A3956D46DE8}") = "Plugins", "Plugins", "{7065EFA5-06CB-4B93-AFF6-6F96C5B6EF10}"
EndProject
Project("{FAE04EC0-301F-11D3-BF4B-00C04F79EFBC}") = "LocalizationSample", "Examples\Localization\LocalizationSample\LocalizationSample.csproj", "{20617544-3A3B-4B9F-BC19-5B8358DA86A5}"
EndProject
Project("{2150E333-8FDC-42A3-9474-1A3956D46DE8}") = "Controls using", "Controls using", "{D97B584E-0A89-4DA1-AC33-1EDD3998550B}"
EndProject
Project("{FAE04EC0-301F-11D3-BF4B-00C04F79EFBC}") = "LogonScreen", "Examples\Controls using\LogonScreen\LogonScreen.csproj", "{B405E810-EB2F-4DFF-8B8B-E69869AB9F01}"
EndProject
Project("{FAE04EC0-301F-11D3-BF4B-00C04F79EFBC}") = "TextFiledControls", "Examples\Controls using\TextFiledControls\TextFiledControls.csproj", "{3C1D1525-F19C-47FE-995F-3742DE4B6919}"
EndProject
Project("{FAE04EC0-301F-11D3-BF4B-00C04F79EFBC}") = "ExamplePanelDescriptor", "Examples\Auto layout\ExamplePanelDescriptor\ExamplePanelDescriptor.csproj", "{07E840E0-ED47-4F12-BA24-B353BFD59F75}"
EndProject
Global
	GlobalSection(SolutionConfigurationPlatforms) = preSolution
		Debug|Any CPU = Debug|Any CPU
		Debug|x64 = Debug|x64
		Debug|x86 = Debug|x86
		Release|Any CPU = Release|Any CPU
		Release|x64 = Release|x64
		Release|x86 = Release|x86
	EndGlobalSection
	GlobalSection(ProjectConfigurationPlatforms) = postSolution
		{9A1F206B-1F7A-43DF-8A08-D86F26B8FC81}.Debug|Any CPU.ActiveCfg = Debug|Any CPU
		{9A1F206B-1F7A-43DF-8A08-D86F26B8FC81}.Debug|Any CPU.Build.0 = Debug|Any CPU
		{9A1F206B-1F7A-43DF-8A08-D86F26B8FC81}.Debug|x64.ActiveCfg = Debug|Any CPU
		{9A1F206B-1F7A-43DF-8A08-D86F26B8FC81}.Debug|x64.Build.0 = Debug|Any CPU
		{9A1F206B-1F7A-43DF-8A08-D86F26B8FC81}.Debug|x86.ActiveCfg = Debug|Any CPU
		{9A1F206B-1F7A-43DF-8A08-D86F26B8FC81}.Debug|x86.Build.0 = Debug|Any CPU
		{9A1F206B-1F7A-43DF-8A08-D86F26B8FC81}.Release|Any CPU.ActiveCfg = Release|Any CPU
		{9A1F206B-1F7A-43DF-8A08-D86F26B8FC81}.Release|Any CPU.Build.0 = Release|Any CPU
		{9A1F206B-1F7A-43DF-8A08-D86F26B8FC81}.Release|x64.ActiveCfg = Release|Any CPU
		{9A1F206B-1F7A-43DF-8A08-D86F26B8FC81}.Release|x64.Build.0 = Release|Any CPU
		{9A1F206B-1F7A-43DF-8A08-D86F26B8FC81}.Release|x86.ActiveCfg = Release|Any CPU
		{9A1F206B-1F7A-43DF-8A08-D86F26B8FC81}.Release|x86.Build.0 = Release|Any CPU
		{36C1214F-5E63-4BA2-8C10-DD04DA5633BB}.Debug|Any CPU.ActiveCfg = Debug|Win32
		{36C1214F-5E63-4BA2-8C10-DD04DA5633BB}.Debug|x64.ActiveCfg = Debug|x64
		{36C1214F-5E63-4BA2-8C10-DD04DA5633BB}.Debug|x64.Build.0 = Debug|x64
		{36C1214F-5E63-4BA2-8C10-DD04DA5633BB}.Debug|x86.ActiveCfg = Debug|Win32
		{36C1214F-5E63-4BA2-8C10-DD04DA5633BB}.Debug|x86.Build.0 = Debug|Win32
		{36C1214F-5E63-4BA2-8C10-DD04DA5633BB}.Release|Any CPU.ActiveCfg = Release|Win32
		{36C1214F-5E63-4BA2-8C10-DD04DA5633BB}.Release|x64.ActiveCfg = Release|x64
		{36C1214F-5E63-4BA2-8C10-DD04DA5633BB}.Release|x64.Build.0 = Release|x64
		{36C1214F-5E63-4BA2-8C10-DD04DA5633BB}.Release|x86.ActiveCfg = Release|Win32
		{36C1214F-5E63-4BA2-8C10-DD04DA5633BB}.Release|x86.Build.0 = Release|Win32
		{20617544-3A3B-4B9F-BC19-5B8358DA86A5}.Debug|Any CPU.ActiveCfg = Debug|Any CPU
		{20617544-3A3B-4B9F-BC19-5B8358DA86A5}.Debug|Any CPU.Build.0 = Debug|Any CPU
		{20617544-3A3B-4B9F-BC19-5B8358DA86A5}.Debug|x64.ActiveCfg = Debug|Any CPU
		{20617544-3A3B-4B9F-BC19-5B8358DA86A5}.Debug|x64.Build.0 = Debug|Any CPU
		{20617544-3A3B-4B9F-BC19-5B8358DA86A5}.Debug|x86.ActiveCfg = Debug|Any CPU
		{20617544-3A3B-4B9F-BC19-5B8358DA86A5}.Debug|x86.Build.0 = Debug|Any CPU
		{20617544-3A3B-4B9F-BC19-5B8358DA86A5}.Release|Any CPU.ActiveCfg = Release|Any CPU
		{20617544-3A3B-4B9F-BC19-5B8358DA86A5}.Release|Any CPU.Build.0 = Release|Any CPU
		{20617544-3A3B-4B9F-BC19-5B8358DA86A5}.Release|x64.ActiveCfg = Release|Any CPU
		{20617544-3A3B-4B9F-BC19-5B8358DA86A5}.Release|x64.Build.0 = Release|Any CPU
		{20617544-3A3B-4B9F-BC19-5B8358DA86A5}.Release|x86.ActiveCfg = Release|Any CPU
		{20617544-3A3B-4B9F-BC19-5B8358DA86A5}.Release|x86.Build.0 = Release|Any CPU
		{B405E810-EB2F-4DFF-8B8B-E69869AB9F01}.Debug|Any CPU.ActiveCfg = Debug|Any CPU
		{B405E810-EB2F-4DFF-8B8B-E69869AB9F01}.Debug|Any CPU.Build.0 = Debug|Any CPU
		{B405E810-EB2F-4DFF-8B8B-E69869AB9F01}.Debug|x64.ActiveCfg = Debug|Any CPU
		{B405E810-EB2F-4DFF-8B8B-E69869AB9F01}.Debug|x64.Build.0 = Debug|Any CPU
		{B405E810-EB2F-4DFF-8B8B-E69869AB9F01}.Debug|x86.ActiveCfg = Debug|Any CPU
		{B405E810-EB2F-4DFF-8B8B-E69869AB9F01}.Debug|x86.Build.0 = Debug|Any CPU
		{B405E810-EB2F-4DFF-8B8B-E69869AB9F01}.Release|Any CPU.ActiveCfg = Release|Any CPU
		{B405E810-EB2F-4DFF-8B8B-E69869AB9F01}.Release|Any CPU.Build.0 = Release|Any CPU
		{B405E810-EB2F-4DFF-8B8B-E69869AB9F01}.Release|x64.ActiveCfg = Release|Any CPU
		{B405E810-EB2F-4DFF-8B8B-E69869AB9F01}.Release|x64.Build.0 = Release|Any CPU
		{B405E810-EB2F-4DFF-8B8B-E69869AB9F01}.Release|x86.ActiveCfg = Release|Any CPU
		{B405E810-EB2F-4DFF-8B8B-E69869AB9F01}.Release|x86.Build.0 = Release|Any CPU
		{3C1D1525-F19C-47FE-995F-3742DE4B6919}.Debug|Any CPU.ActiveCfg = Debug|Any CPU
		{3C1D1525-F19C-47FE-995F-3742DE4B6919}.Debug|Any CPU.Build.0 = Debug|Any CPU
		{3C1D1525-F19C-47FE-995F-3742DE4B6919}.Debug|x64.ActiveCfg = Debug|Any CPU
		{3C1D1525-F19C-47FE-995F-3742DE4B6919}.Debug|x64.Build.0 = Debug|Any CPU
		{3C1D1525-F19C-47FE-995F-3742DE4B6919}.Debug|x86.ActiveCfg = Debug|Any CPU
		{3C1D1525-F19C-47FE-995F-3742DE4B6919}.Debug|x86.Build.0 = Debug|Any CPU
		{3C1D1525-F19C-47FE-995F-3742DE4B6919}.Release|Any CPU.ActiveCfg = Release|Any CPU
		{3C1D1525-F19C-47FE-995F-3742DE4B6919}.Release|Any CPU.Build.0 = Release|Any CPU
		{3C1D1525-F19C-47FE-995F-3742DE4B6919}.Release|x64.ActiveCfg = Release|Any CPU
		{3C1D1525-F19C-47FE-995F-3742DE4B6919}.Release|x64.Build.0 = Release|Any CPU
		{3C1D1525-F19C-47FE-995F-3742DE4B6919}.Release|x86.ActiveCfg = Release|Any CPU
		{3C1D1525-F19C-47FE-995F-3742DE4B6919}.Release|x86.Build.0 = Release|Any CPU
		{07E840E0-ED47-4F12-BA24-B353BFD59F75}.Debug|Any CPU.ActiveCfg = Debug|Any CPU
		{07E840E0-ED47-4F12-BA24-B353BFD59F75}.Debug|Any CPU.Build.0 = Debug|Any CPU
		{07E840E0-ED47-4F12-BA24-B353BFD59F75}.Debug|x64.ActiveCfg = Debug|Any CPU
		{07E840E0-ED47-4F12-BA24-B353BFD59F75}.Debug|x64.Build.0 = Debug|Any CPU
		{07E840E0-ED47-4F12-BA24-B353BFD59F75}.Debug|x86.ActiveCfg = Debug|Any CPU
		{07E840E0-ED47-4F12-BA24-B353BFD59F75}.Debug|x86.Build.0 = Debug|Any CPU
		{07E840E0-ED47-4F12-BA24-B353BFD59F75}.Release|Any CPU.ActiveCfg = Release|Any CPU
		{07E840E0-ED47-4F12-BA24-B353BFD59F75}.Release|Any CPU.Build.0 = Release|Any CPU
		{07E840E0-ED47-4F12-BA24-B353BFD59F75}.Release|x64.ActiveCfg = Release|Any CPU
		{07E840E0-ED47-4F12-BA24-B353BFD59F75}.Release|x64.Build.0 = Release|Any CPU
		{07E840E0-ED47-4F12-BA24-B353BFD59F75}.Release|x86.ActiveCfg = Release|Any CPU
		{07E840E0-ED47-4F12-BA24-B353BFD59F75}.Release|x86.Build.0 = Release|Any CPU
	EndGlobalSection
	GlobalSection(SolutionProperties) = preSolution
		HideSolutionNode = FALSE
	EndGlobalSection
	GlobalSection(NestedProjects) = preSolution
		{36C1214F-5E63-4BA2-8C10-DD04DA5633BB} = {1981D243-2CC4-4E66-9D9C-260867BCBD80}
		{1981D243-2CC4-4E66-9D9C-260867BCBD80} = {BA35FF01-B47B-43B5-9C2A-67436E408F9A}
		{CA5C968E-1E80-4CB8-96AB-53E222619EF6} = {1BF5E61A-7F19-42E9-B298-C8192EB44E67}
		{2110D5A6-1DB3-4810-8DC1-51D97B80DFF4} = {1BF5E61A-7F19-42E9-B298-C8192EB44E67}
		{C2BACAB8-8473-4AD9-95A6-6AA90EE9FC30} = {1BF5E61A-7F19-42E9-B298-C8192EB44E67}
		{7065EFA5-06CB-4B93-AFF6-6F96C5B6EF10} = {1BF5E61A-7F19-42E9-B298-C8192EB44E67}
		{20617544-3A3B-4B9F-BC19-5B8358DA86A5} = {CA5C968E-1E80-4CB8-96AB-53E222619EF6}
		{D97B584E-0A89-4DA1-AC33-1EDD3998550B} = {1BF5E61A-7F19-42E9-B298-C8192EB44E67}
		{B405E810-EB2F-4DFF-8B8B-E69869AB9F01} = {D97B584E-0A89-4DA1-AC33-1EDD3998550B}
		{3C1D1525-F19C-47FE-995F-3742DE4B6919} = {D97B584E-0A89-4DA1-AC33-1EDD3998550B}
		{07E840E0-ED47-4F12-BA24-B353BFD59F75} = {C2BACAB8-8473-4AD9-95A6-6AA90EE9FC30}
	EndGlobalSection
	GlobalSection(ExtensibilityGlobals) = postSolution
		SolutionGuid = {C96127E1-EF18-4663-B0AF-8F667F68E508}
	EndGlobalSection
EndGlobal
