
Microsoft Visual Studio Solution File, Format Version 12.00
# Visual Studio Version 16
VisualStudioVersion = 16.0.29411.108
MinimumVisualStudioVersion = 10.0.40219.1
Project("{FAE04EC0-301F-11D3-BF4B-00C04F79EFBC}") = "WpfHandler", "WpfHandler\WpfHandler.csproj", "{9A1F206B-1F7A-43DF-8A08-D86F26B8FC81}"
EndProject
Project("{8BC9CEB8-8B4A-11D0-8D11-00A0C91BC942}") = "WPFShaders", "GLSL\WPFShaders\WPFShaders.vcxproj", "{36C1214F-5E63-4BA2-8C10-DD04DA5633BB}"
EndProject
Project("{2150E333-8FDC-42A3-9474-1A3956D46DE8}") = "Examples", "Examples", "{1BF5E61A-7F19-42E9-B298-C8192EB44E67}"
EndProject
Project("{2150E333-8FDC-42A3-9474-1A3956D46DE8}") = "GLSL", "GLSL", "{1981D243-2CC4-4E66-9D9C-260867BCBD80}"
EndProject
Project("{2150E333-8FDC-42A3-9474-1A3956D46DE8}") = "Shaders", "Shaders", "{BA35FF01-B47B-43B5-9C2A-67436E408F9A}"
EndProject
Project("{2150E333-8FDC-42A3-9474-1A3956D46DE8}") = "Localization", "Localization", "{CA5C968E-1E80-4CB8-96AB-53E222619EF6}"
EndProject
Project("{2150E333-8FDC-42A3-9474-1A3956D46DE8}") = "Custom controls", "Custom controls", "{2110D5A6-1DB3-4810-8DC1-51D97B80DFF4}"
EndProject
Project("{2150E333-8FDC-42A3-9474-1A3956D46DE8}") = "Auto layout", "Auto layout", "{C2BACAB8-8473-4AD9-95A6-6AA90EE9FC30}"
EndProject
Project("{2150E333-8FDC-42A3-9474-1A3956D46DE8}") = "Plugins", "Plugins", "{7065EFA5-06CB-4B93-AFF6-6F96C5B6EF10}"
EndProject
Project("{FAE04EC0-301F-11D3-BF4B-00C04F79EFBC}") = "LocalizationSample", "Examples\Localization\LocalizationSample\LocalizationSample.csproj", "{20617544-3A3B-4B9F-BC19-5B8358DA86A5}"
EndProject
Project("{2150E333-8FDC-42A3-9474-1A3956D46DE8}") = "Controls using", "Controls using", "{D97B584E-0A89-4DA1-AC33-1EDD3998550B}"
EndProject
Project("{FAE04EC0-301F-11D3-BF4B-00C04F79EFBC}") = "LogonScreen", "Examples\Controls using\LogonScreen\LogonScreen.csproj", "{B405E810-EB2F-4DFF-8B8B-E69869AB9F01}"
EndProject
Project("{FAE04EC0-301F-11D3-BF4B-00C04F79EFBC}") = "TextFiledControls", "Examples\Controls using\TextFiledControls\TextFiledControls.csproj", "{3C1D1525-F19C-47FE-995F-3742DE4B6919}"
EndProject
Project("{FAE04EC0-301F-11D3-BF4B-00C04F79EFBC}") = "ExamplePanelDescriptor", "Examples\Auto layout\ExamplePanelDescriptor\ExamplePanelDescriptor.csproj", "{07E840E0-ED47-4F12-BA24-B353BFD59F75}"
EndProject
Project("{FAE04EC0-301F-11D3-BF4B-00C04F79EFBC}") = "AutoCollectionExample", "Examples\Controls using\AutoCollectionExample\AutoCollectionExample.csproj", "{6F7A1893-35B7-44ED-B9AD-0AA9BD500422}"
EndProject
Project("{FAE04EC0-301F-11D3-BF4B-00C04F79EFBC}") = "FlatButtonExample", "Examples\Controls using\FlatButtonExample\FlatButtonExample.csproj", "{EEACD250-48B5-48F3-9669-74F35A3A3BF9}"
EndProject
Project("{FAE04EC0-301F-11D3-BF4B-00C04F79EFBC}") = "TogglesGroupExample", "Examples\Controls using\TogglesGroupExample\TogglesGroupExample.csproj", "{1B4C3305-C74E-4CC5-928A-E66C98B06759}"
EndProject
Project("{FAE04EC0-301F-11D3-BF4B-00C04F79EFBC}") = "SwitchPanelExample", "Examples\Controls using\SwitchPanelExample\SwitchPanelExample.csproj", "{D055A9CC-86FB-4766-86C1-60389B3C3D0D}"
EndProject
Project("{FAE04EC0-301F-11D3-BF4B-00C04F79EFBC}") = "MainPluginBasedApp", "Examples\Plugins\MainPluginBasedApp\MainPluginBasedApp.csproj", "{2D1B17C1-FCB5-4007-8576-45AA75D03EE7}"
EndProject
Project("{FAE04EC0-301F-11D3-BF4B-00C04F79EFBC}") = "ExamplePlugin1", "Examples\Plugins\ExamplePlugin1\ExamplePlugin1.csproj", "{10CA68C3-8D2A-44ED-8E02-6C8752B5A6B9}"
EndProject
Project("{FAE04EC0-301F-11D3-BF4B-00C04F79EFBC}") = "ExamplePlugin2", "Examples\Plugins\ExamplePlugin2\ExamplePlugin2.csproj", "{026C951D-A994-4C97-8B19-0EDA9EB9AF7B}"
EndProject
Global
	GlobalSection(SolutionConfigurationPlatforms) = preSolution
		Debug|Any CPU = Debug|Any CPU
		Debug|x64 = Debug|x64
		Debug|x86 = Debug|x86
		Release|Any CPU = Release|Any CPU
		Release|x64 = Release|x64
		Release|x86 = Release|x86
	EndGlobalSection
	GlobalSection(ProjectConfigurationPlatforms) = postSolution
		{9A1F206B-1F7A-43DF-8A08-D86F26B8FC81}.Debug|Any CPU.ActiveCfg = Debug|Any CPU
		{9A1F206B-1F7A-43DF-8A08-D86F26B8FC81}.Debug|Any CPU.Build.0 = Debug|Any CPU
		{9A1F206B-1F7A-43DF-8A08-D86F26B8FC81}.Debug|x64.ActiveCfg = Debug|Any CPU
		{9A1F206B-1F7A-43DF-8A08-D86F26B8FC81}.Debug|x64.Build.0 = Debug|Any CPU
		{9A1F206B-1F7A-43DF-8A08-D86F26B8FC81}.Debug|x86.ActiveCfg = Debug|Any CPU
		{9A1F206B-1F7A-43DF-8A08-D86F26B8FC81}.Debug|x86.Build.0 = Debug|Any CPU
		{9A1F206B-1F7A-43DF-8A08-D86F26B8FC81}.Release|Any CPU.ActiveCfg = Release|Any CPU
		{9A1F206B-1F7A-43DF-8A08-D86F26B8FC81}.Release|Any CPU.Build.0 = Release|Any CPU
		{9A1F206B-1F7A-43DF-8A08-D86F26B8FC81}.Release|x64.ActiveCfg = Release|Any CPU
		{9A1F206B-1F7A-43DF-8A08-D86F26B8FC81}.Release|x64.Build.0 = Release|Any CPU
		{9A1F206B-1F7A-43DF-8A08-D86F26B8FC81}.Release|x86.ActiveCfg = Release|Any CPU
		{9A1F206B-1F7A-43DF-8A08-D86F26B8FC81}.Release|x86.Build.0 = Release|Any CPU
		{36C1214F-5E63-4BA2-8C10-DD04DA5633BB}.Debug|Any CPU.ActiveCfg = Debug|Win32
		{36C1214F-5E63-4BA2-8C10-DD04DA5633BB}.Debug|x64.ActiveCfg = Debug|x64
		{36C1214F-5E63-4BA2-8C10-DD04DA5633BB}.Debug|x64.Build.0 = Debug|x64
		{36C1214F-5E63-4BA2-8C10-DD04DA5633BB}.Debug|x86.ActiveCfg = Debug|Win32
		{36C1214F-5E63-4BA2-8C10-DD04DA5633BB}.Debug|x86.Build.0 = Debug|Win32
		{36C1214F-5E63-4BA2-8C10-DD04DA5633BB}.Release|Any CPU.ActiveCfg = Release|Win32
		{36C1214F-5E63-4BA2-8C10-DD04DA5633BB}.Release|x64.ActiveCfg = Release|x64
		{36C1214F-5E63-4BA2-8C10-DD04DA5633BB}.Release|x64.Build.0 = Release|x64
		{36C1214F-5E63-4BA2-8C10-DD04DA5633BB}.Release|x86.ActiveCfg = Release|Win32
		{36C1214F-5E63-4BA2-8C10-DD04DA5633BB}.Release|x86.Build.0 = Release|Win32
		{20617544-3A3B-4B9F-BC19-5B8358DA86A5}.Debug|Any CPU.ActiveCfg = Debug|Any CPU
		{20617544-3A3B-4B9F-BC19-5B8358DA86A5}.Debug|Any CPU.Build.0 = Debug|Any CPU
		{20617544-3A3B-4B9F-BC19-5B8358DA86A5}.Debug|x64.ActiveCfg = Debug|Any CPU
		{20617544-3A3B-4B9F-BC19-5B8358DA86A5}.Debug|x64.Build.0 = Debug|Any CPU
		{20617544-3A3B-4B9F-BC19-5B8358DA86A5}.Debug|x86.ActiveCfg = Debug|Any CPU
		{20617544-3A3B-4B9F-BC19-5B8358DA86A5}.Debug|x86.Build.0 = Debug|Any CPU
		{20617544-3A3B-4B9F-BC19-5B8358DA86A5}.Release|Any CPU.ActiveCfg = Release|Any CPU
		{20617544-3A3B-4B9F-BC19-5B8358DA86A5}.Release|Any CPU.Build.0 = Release|Any CPU
		{20617544-3A3B-4B9F-BC19-5B8358DA86A5}.Release|x64.ActiveCfg = Release|Any CPU
		{20617544-3A3B-4B9F-BC19-5B8358DA86A5}.Release|x64.Build.0 = Release|Any CPU
		{20617544-3A3B-4B9F-BC19-5B8358DA86A5}.Release|x86.ActiveCfg = Release|Any CPU
		{20617544-3A3B-4B9F-BC19-5B8358DA86A5}.Release|x86.Build.0 = Release|Any CPU
		{B405E810-EB2F-4DFF-8B8B-E69869AB9F01}.Debug|Any CPU.ActiveCfg = Debug|Any CPU
		{B405E810-EB2F-4DFF-8B8B-E69869AB9F01}.Debug|Any CPU.Build.0 = Debug|Any CPU
		{B405E810-EB2F-4DFF-8B8B-E69869AB9F01}.Debug|x64.ActiveCfg = Debug|Any CPU
		{B405E810-EB2F-4DFF-8B8B-E69869AB9F01}.Debug|x64.Build.0 = Debug|Any CPU
		{B405E810-EB2F-4DFF-8B8B-E69869AB9F01}.Debug|x86.ActiveCfg = Debug|Any CPU
		{B405E810-EB2F-4DFF-8B8B-E69869AB9F01}.Debug|x86.Build.0 = Debug|Any CPU
		{B405E810-EB2F-4DFF-8B8B-E69869AB9F01}.Release|Any CPU.ActiveCfg = Release|Any CPU
		{B405E810-EB2F-4DFF-8B8B-E69869AB9F01}.Release|Any CPU.Build.0 = Release|Any CPU
		{B405E810-EB2F-4DFF-8B8B-E69869AB9F01}.Release|x64.ActiveCfg = Release|Any CPU
		{B405E810-EB2F-4DFF-8B8B-E69869AB9F01}.Release|x64.Build.0 = Release|Any CPU
		{B405E810-EB2F-4DFF-8B8B-E69869AB9F01}.Release|x86.ActiveCfg = Release|Any CPU
		{B405E810-EB2F-4DFF-8B8B-E69869AB9F01}.Release|x86.Build.0 = Release|Any CPU
		{3C1D1525-F19C-47FE-995F-3742DE4B6919}.Debug|Any CPU.ActiveCfg = Debug|Any CPU
		{3C1D1525-F19C-47FE-995F-3742DE4B6919}.Debug|Any CPU.Build.0 = Debug|Any CPU
		{3C1D1525-F19C-47FE-995F-3742DE4B6919}.Debug|x64.ActiveCfg = Debug|Any CPU
		{3C1D1525-F19C-47FE-995F-3742DE4B6919}.Debug|x64.Build.0 = Debug|Any CPU
		{3C1D1525-F19C-47FE-995F-3742DE4B6919}.Debug|x86.ActiveCfg = Debug|Any CPU
		{3C1D1525-F19C-47FE-995F-3742DE4B6919}.Debug|x86.Build.0 = Debug|Any CPU
		{3C1D1525-F19C-47FE-995F-3742DE4B6919}.Release|Any CPU.ActiveCfg = Release|Any CPU
		{3C1D1525-F19C-47FE-995F-3742DE4B6919}.Release|Any CPU.Build.0 = Release|Any CPU
		{3C1D1525-F19C-47FE-995F-3742DE4B6919}.Release|x64.ActiveCfg = Release|Any CPU
		{3C1D1525-F19C-47FE-995F-3742DE4B6919}.Release|x64.Build.0 = Release|Any CPU
		{3C1D1525-F19C-47FE-995F-3742DE4B6919}.Release|x86.ActiveCfg = Release|Any CPU
		{3C1D1525-F19C-47FE-995F-3742DE4B6919}.Release|x86.Build.0 = Release|Any CPU
		{07E840E0-ED47-4F12-BA24-B353BFD59F75}.Debug|Any CPU.ActiveCfg = Debug|Any CPU
		{07E840E0-ED47-4F12-BA24-B353BFD59F75}.Debug|Any CPU.Build.0 = Debug|Any CPU
		{07E840E0-ED47-4F12-BA24-B353BFD59F75}.Debug|x64.ActiveCfg = Debug|Any CPU
		{07E840E0-ED47-4F12-BA24-B353BFD59F75}.Debug|x64.Build.0 = Debug|Any CPU
		{07E840E0-ED47-4F12-BA24-B353BFD59F75}.Debug|x86.ActiveCfg = Debug|Any CPU
		{07E840E0-ED47-4F12-BA24-B353BFD59F75}.Debug|x86.Build.0 = Debug|Any CPU
		{07E840E0-ED47-4F12-BA24-B353BFD59F75}.Release|Any CPU.ActiveCfg = Release|Any CPU
		{07E840E0-ED47-4F12-BA24-B353BFD59F75}.Release|Any CPU.Build.0 = Release|Any CPU
		{07E840E0-ED47-4F12-BA24-B353BFD59F75}.Release|x64.ActiveCfg = Release|Any CPU
		{07E840E0-ED47-4F12-BA24-B353BFD59F75}.Release|x64.Build.0 = Release|Any CPU
		{07E840E0-ED47-4F12-BA24-B353BFD59F75}.Release|x86.ActiveCfg = Release|Any CPU
		{07E840E0-ED47-4F12-BA24-B353BFD59F75}.Release|x86.Build.0 = Release|Any CPU
		{6F7A1893-35B7-44ED-B9AD-0AA9BD500422}.Debug|Any CPU.ActiveCfg = Debug|Any CPU
		{6F7A1893-35B7-44ED-B9AD-0AA9BD500422}.Debug|Any CPU.Build.0 = Debug|Any CPU
		{6F7A1893-35B7-44ED-B9AD-0AA9BD500422}.Debug|x64.ActiveCfg = Debug|Any CPU
		{6F7A1893-35B7-44ED-B9AD-0AA9BD500422}.Debug|x64.Build.0 = Debug|Any CPU
		{6F7A1893-35B7-44ED-B9AD-0AA9BD500422}.Debug|x86.ActiveCfg = Debug|Any CPU
		{6F7A1893-35B7-44ED-B9AD-0AA9BD500422}.Debug|x86.Build.0 = Debug|Any CPU
		{6F7A1893-35B7-44ED-B9AD-0AA9BD500422}.Release|Any CPU.ActiveCfg = Release|Any CPU
		{6F7A1893-35B7-44ED-B9AD-0AA9BD500422}.Release|Any CPU.Build.0 = Release|Any CPU
		{6F7A1893-35B7-44ED-B9AD-0AA9BD500422}.Release|x64.ActiveCfg = Release|Any CPU
		{6F7A1893-35B7-44ED-B9AD-0AA9BD500422}.Release|x64.Build.0 = Release|Any CPU
		{6F7A1893-35B7-44ED-B9AD-0AA9BD500422}.Release|x86.ActiveCfg = Release|Any CPU
		{6F7A1893-35B7-44ED-B9AD-0AA9BD500422}.Release|x86.Build.0 = Release|Any CPU
		{EEACD250-48B5-48F3-9669-74F35A3A3BF9}.Debug|Any CPU.ActiveCfg = Debug|Any CPU
		{EEACD250-48B5-48F3-9669-74F35A3A3BF9}.Debug|Any CPU.Build.0 = Debug|Any CPU
		{EEACD250-48B5-48F3-9669-74F35A3A3BF9}.Debug|x64.ActiveCfg = Debug|Any CPU
		{EEACD250-48B5-48F3-9669-74F35A3A3BF9}.Debug|x64.Build.0 = Debug|Any CPU
		{EEACD250-48B5-48F3-9669-74F35A3A3BF9}.Debug|x86.ActiveCfg = Debug|Any CPU
		{EEACD250-48B5-48F3-9669-74F35A3A3BF9}.Debug|x86.Build.0 = Debug|Any CPU
		{EEACD250-48B5-48F3-9669-74F35A3A3BF9}.Release|Any CPU.ActiveCfg = Release|Any CPU
		{EEACD250-48B5-48F3-9669-74F35A3A3BF9}.Release|Any CPU.Build.0 = Release|Any CPU
		{EEACD250-48B5-48F3-9669-74F35A3A3BF9}.Release|x64.ActiveCfg = Release|Any CPU
		{EEACD250-48B5-48F3-9669-74F35A3A3BF9}.Release|x64.Build.0 = Release|Any CPU
		{EEACD250-48B5-48F3-9669-74F35A3A3BF9}.Release|x86.ActiveCfg = Release|Any CPU
		{EEACD250-48B5-48F3-9669-74F35A3A3BF9}.Release|x86.Build.0 = Release|Any CPU
		{1B4C3305-C74E-4CC5-928A-E66C98B06759}.Debug|Any CPU.ActiveCfg = Debug|Any CPU
		{1B4C3305-C74E-4CC5-928A-E66C98B06759}.Debug|Any CPU.Build.0 = Debug|Any CPU
		{1B4C3305-C74E-4CC5-928A-E66C98B06759}.Debug|x64.ActiveCfg = Debug|Any CPU
		{1B4C3305-C74E-4CC5-928A-E66C98B06759}.Debug|x64.Build.0 = Debug|Any CPU
		{1B4C3305-C74E-4CC5-928A-E66C98B06759}.Debug|x86.ActiveCfg = Debug|Any CPU
		{1B4C3305-C74E-4CC5-928A-E66C98B06759}.Debug|x86.Build.0 = Debug|Any CPU
		{1B4C3305-C74E-4CC5-928A-E66C98B06759}.Release|Any CPU.ActiveCfg = Release|Any CPU
		{1B4C3305-C74E-4CC5-928A-E66C98B06759}.Release|Any CPU.Build.0 = Release|Any CPU
		{1B4C3305-C74E-4CC5-928A-E66C98B06759}.Release|x64.ActiveCfg = Release|Any CPU
		{1B4C3305-C74E-4CC5-928A-E66C98B06759}.Release|x64.Build.0 = Release|Any CPU
		{1B4C3305-C74E-4CC5-928A-E66C98B06759}.Release|x86.ActiveCfg = Release|Any CPU
		{1B4C3305-C74E-4CC5-928A-E66C98B06759}.Release|x86.Build.0 = Release|Any CPU
		{D055A9CC-86FB-4766-86C1-60389B3C3D0D}.Debug|Any CPU.ActiveCfg = Debug|Any CPU
		{D055A9CC-86FB-4766-86C1-60389B3C3D0D}.Debug|Any CPU.Build.0 = Debug|Any CPU
		{D055A9CC-86FB-4766-86C1-60389B3C3D0D}.Debug|x64.ActiveCfg = Debug|Any CPU
		{D055A9CC-86FB-4766-86C1-60389B3C3D0D}.Debug|x64.Build.0 = Debug|Any CPU
		{D055A9CC-86FB-4766-86C1-60389B3C3D0D}.Debug|x86.ActiveCfg = Debug|Any CPU
		{D055A9CC-86FB-4766-86C1-60389B3C3D0D}.Debug|x86.Build.0 = Debug|Any CPU
		{D055A9CC-86FB-4766-86C1-60389B3C3D0D}.Release|Any CPU.ActiveCfg = Release|Any CPU
		{D055A9CC-86FB-4766-86C1-60389B3C3D0D}.Release|Any CPU.Build.0 = Release|Any CPU
		{D055A9CC-86FB-4766-86C1-60389B3C3D0D}.Release|x64.ActiveCfg = Release|Any CPU
		{D055A9CC-86FB-4766-86C1-60389B3C3D0D}.Release|x64.Build.0 = Release|Any CPU
		{D055A9CC-86FB-4766-86C1-60389B3C3D0D}.Release|x86.ActiveCfg = Release|Any CPU
		{D055A9CC-86FB-4766-86C1-60389B3C3D0D}.Release|x86.Build.0 = Release|Any CPU
		{2D1B17C1-FCB5-4007-8576-45AA75D03EE7}.Debug|Any CPU.ActiveCfg = Debug|Any CPU
		{2D1B17C1-FCB5-4007-8576-45AA75D03EE7}.Debug|Any CPU.Build.0 = Debug|Any CPU
		{2D1B17C1-FCB5-4007-8576-45AA75D03EE7}.Debug|x64.ActiveCfg = Debug|Any CPU
		{2D1B17C1-FCB5-4007-8576-45AA75D03EE7}.Debug|x64.Build.0 = Debug|Any CPU
		{2D1B17C1-FCB5-4007-8576-45AA75D03EE7}.Debug|x86.ActiveCfg = Debug|Any CPU
		{2D1B17C1-FCB5-4007-8576-45AA75D03EE7}.Debug|x86.Build.0 = Debug|Any CPU
		{2D1B17C1-FCB5-4007-8576-45AA75D03EE7}.Release|Any CPU.ActiveCfg = Release|Any CPU
		{2D1B17C1-FCB5-4007-8576-45AA75D03EE7}.Release|Any CPU.Build.0 = Release|Any CPU
		{2D1B17C1-FCB5-4007-8576-45AA75D03EE7}.Release|x64.ActiveCfg = Release|Any CPU
		{2D1B17C1-FCB5-4007-8576-45AA75D03EE7}.Release|x64.Build.0 = Release|Any CPU
		{2D1B17C1-FCB5-4007-8576-45AA75D03EE7}.Release|x86.ActiveCfg = Release|Any CPU
		{2D1B17C1-FCB5-4007-8576-45AA75D03EE7}.Release|x86.Build.0 = Release|Any CPU
		{10CA68C3-8D2A-44ED-8E02-6C8752B5A6B9}.Debug|Any CPU.ActiveCfg = Debug|Any CPU
		{10CA68C3-8D2A-44ED-8E02-6C8752B5A6B9}.Debug|Any CPU.Build.0 = Debug|Any CPU
		{10CA68C3-8D2A-44ED-8E02-6C8752B5A6B9}.Debug|x64.ActiveCfg = Debug|Any CPU
		{10CA68C3-8D2A-44ED-8E02-6C8752B5A6B9}.Debug|x64.Build.0 = Debug|Any CPU
		{10CA68C3-8D2A-44ED-8E02-6C8752B5A6B9}.Debug|x86.ActiveCfg = Debug|Any CPU
		{10CA68C3-8D2A-44ED-8E02-6C8752B5A6B9}.Debug|x86.Build.0 = Debug|Any CPU
		{10CA68C3-8D2A-44ED-8E02-6C8752B5A6B9}.Release|Any CPU.ActiveCfg = Release|Any CPU
		{10CA68C3-8D2A-44ED-8E02-6C8752B5A6B9}.Release|Any CPU.Build.0 = Release|Any CPU
		{10CA68C3-8D2A-44ED-8E02-6C8752B5A6B9}.Release|x64.ActiveCfg = Release|Any CPU
		{10CA68C3-8D2A-44ED-8E02-6C8752B5A6B9}.Release|x64.Build.0 = Release|Any CPU
		{10CA68C3-8D2A-44ED-8E02-6C8752B5A6B9}.Release|x86.ActiveCfg = Release|Any CPU
		{10CA68C3-8D2A-44ED-8E02-6C8752B5A6B9}.Release|x86.Build.0 = Release|Any CPU
		{026C951D-A994-4C97-8B19-0EDA9EB9AF7B}.Debug|Any CPU.ActiveCfg = Debug|Any CPU
		{026C951D-A994-4C97-8B19-0EDA9EB9AF7B}.Debug|Any CPU.Build.0 = Debug|Any CPU
		{026C951D-A994-4C97-8B19-0EDA9EB9AF7B}.Debug|x64.ActiveCfg = Debug|Any CPU
		{026C951D-A994-4C97-8B19-0EDA9EB9AF7B}.Debug|x64.Build.0 = Debug|Any CPU
		{026C951D-A994-4C97-8B19-0EDA9EB9AF7B}.Debug|x86.ActiveCfg = Debug|Any CPU
		{026C951D-A994-4C97-8B19-0EDA9EB9AF7B}.Debug|x86.Build.0 = Debug|Any CPU
		{026C951D-A994-4C97-8B19-0EDA9EB9AF7B}.Release|Any CPU.ActiveCfg = Release|Any CPU
		{026C951D-A994-4C97-8B19-0EDA9EB9AF7B}.Release|Any CPU.Build.0 = Release|Any CPU
		{026C951D-A994-4C97-8B19-0EDA9EB9AF7B}.Release|x64.ActiveCfg = Release|Any CPU
		{026C951D-A994-4C97-8B19-0EDA9EB9AF7B}.Release|x64.Build.0 = Release|Any CPU
		{026C951D-A994-4C97-8B19-0EDA9EB9AF7B}.Release|x86.ActiveCfg = Release|Any CPU
		{026C951D-A994-4C97-8B19-0EDA9EB9AF7B}.Release|x86.Build.0 = Release|Any CPU
	EndGlobalSection
	GlobalSection(SolutionProperties) = preSolution
		HideSolutionNode = FALSE
	EndGlobalSection
	GlobalSection(NestedProjects) = preSolution
		{36C1214F-5E63-4BA2-8C10-DD04DA5633BB} = {1981D243-2CC4-4E66-9D9C-260867BCBD80}
		{1981D243-2CC4-4E66-9D9C-260867BCBD80} = {BA35FF01-B47B-43B5-9C2A-67436E408F9A}
		{CA5C968E-1E80-4CB8-96AB-53E222619EF6} = {1BF5E61A-7F19-42E9-B298-C8192EB44E67}
		{2110D5A6-1DB3-4810-8DC1-51D97B80DFF4} = {1BF5E61A-7F19-42E9-B298-C8192EB44E67}
		{C2BACAB8-8473-4AD9-95A6-6AA90EE9FC30} = {1BF5E61A-7F19-42E9-B298-C8192EB44E67}
		{7065EFA5-06CB-4B93-AFF6-6F96C5B6EF10} = {1BF5E61A-7F19-42E9-B298-C8192EB44E67}
		{20617544-3A3B-4B9F-BC19-5B8358DA86A5} = {CA5C968E-1E80-4CB8-96AB-53E222619EF6}
		{D97B584E-0A89-4DA1-AC33-1EDD3998550B} = {1BF5E61A-7F19-42E9-B298-C8192EB44E67}
		{B405E810-EB2F-4DFF-8B8B-E69869AB9F01} = {D97B584E-0A89-4DA1-AC33-1EDD3998550B}
		{3C1D1525-F19C-47FE-995F-3742DE4B6919} = {D97B584E-0A89-4DA1-AC33-1EDD3998550B}
		{07E840E0-ED47-4F12-BA24-B353BFD59F75} = {C2BACAB8-8473-4AD9-95A6-6AA90EE9FC30}
		{6F7A1893-35B7-44ED-B9AD-0AA9BD500422} = {D97B584E-0A89-4DA1-AC33-1EDD3998550B}
		{EEACD250-48B5-48F3-9669-74F35A3A3BF9} = {D97B584E-0A89-4DA1-AC33-1EDD3998550B}
		{1B4C3305-C74E-4CC5-928A-E66C98B06759} = {D97B584E-0A89-4DA1-AC33-1EDD3998550B}
		{D055A9CC-86FB-4766-86C1-60389B3C3D0D} = {D97B584E-0A89-4DA1-AC33-1EDD3998550B}
		{2D1B17C1-FCB5-4007-8576-45AA75D03EE7} = {7065EFA5-06CB-4B93-AFF6-6F96C5B6EF10}
		{10CA68C3-8D2A-44ED-8E02-6C8752B5A6B9} = {7065EFA5-06CB-4B93-AFF6-6F96C5B6EF10}
		{026C951D-A994-4C97-8B19-0EDA9EB9AF7B} = {7065EFA5-06CB-4B93-AFF6-6F96C5B6EF10}
	EndGlobalSection
	GlobalSection(ExtensibilityGlobals) = postSolution
		SolutionGuid = {C96127E1-EF18-4663-B0AF-8F667F68E508}
	EndGlobalSection
EndGlobal
